// !$*UTF8*$!
{
	archiveVersion = 1;
	classes = {
	};
	objectVersion = 50;
	objects = {

/* Begin PBXBuildFile section */
		3DC4914E28DA01D3004945FA /* AppDelegate.swift in Sources */ = {isa = PBXBuildFile; fileRef = 3DC4914D28DA01D3004945FA /* AppDelegate.swift */; };
		3DC4915028DA01D3004945FA /* ViewController.swift in Sources */ = {isa = PBXBuildFile; fileRef = 3DC4914F28DA01D3004945FA /* ViewController.swift */; };
		3DC4915328DA01D3004945FA /* Main.storyboard in Resources */ = {isa = PBXBuildFile; fileRef = 3DC4915128DA01D3004945FA /* Main.storyboard */; };
		3DC4915528DA01D5004945FA /* Assets.xcassets in Resources */ = {isa = PBXBuildFile; fileRef = 3DC4915428DA01D5004945FA /* Assets.xcassets */; };
		3DC4915828DA01D5004945FA /* LaunchScreen.storyboard in Resources */ = {isa = PBXBuildFile; fileRef = 3DC4915628DA01D5004945FA /* LaunchScreen.storyboard */; };
		3DC4916328DA01D5004945FA /* tableviewTests.swift in Sources */ = {isa = PBXBuildFile; fileRef = 3DC4916228DA01D5004945FA /* tableviewTests.swift */; };
		3DC4916E28DA01D5004945FA /* tableviewUITests.swift in Sources */ = {isa = PBXBuildFile; fileRef = 3DC4916D28DA01D5004945FA /* tableviewUITests.swift */; };
/* End PBXBuildFile section */

/* Begin PBXContainerItemProxy section */
		3DC4915F28DA01D5004945FA /* PBXContainerItemProxy */ = {
			isa = PBXContainerItemProxy;
			containerPortal = 3DC4914228DA01D3004945FA /* Project object */;
			proxyType = 1;
			remoteGlobalIDString = 3DC4914928DA01D3004945FA;
			remoteInfo = tableview;
		};
		3DC4916A28DA01D5004945FA /* PBXContainerItemProxy */ = {
			isa = PBXContainerItemProxy;
			containerPortal = 3DC4914228DA01D3004945FA /* Project object */;
			proxyType = 1;
			remoteGlobalIDString = 3DC4914928DA01D3004945FA;
			remoteInfo = tableview;
		};
/* End PBXContainerItemProxy section */

/* Begin PBXFileReference section */
		3DC4914A28DA01D3004945FA /* tableview.app */ = {isa = PBXFileReference; explicitFileType = wrapper.application; includeInIndex = 0; path = tableview.app; sourceTree = BUILT_PRODUCTS_DIR; };
		3DC4914D28DA01D3004945FA /* AppDelegate.swift */ = {isa = PBXFileReference; lastKnownFileType = sourcecode.swift; path = AppDelegate.swift; sourceTree = "<group>"; };
		3DC4914F28DA01D3004945FA /* ViewController.swift */ = {isa = PBXFileReference; lastKnownFileType = sourcecode.swift; path = ViewController.swift; sourceTree = "<group>"; };
		3DC4915228DA01D3004945FA /* Base */ = {isa = PBXFileReference; lastKnownFileType = file.storyboard; name = Base; path = Base.lproj/Main.storyboard; sourceTree = "<group>"; };
		3DC4915428DA01D5004945FA /* Assets.xcassets */ = {isa = PBXFileReference; lastKnownFileType = folder.assetcatalog; path = Assets.xcassets; sourceTree = "<group>"; };
		3DC4915728DA01D5004945FA /* Base */ = {isa = PBXFileReference; lastKnownFileType = file.storyboard; name = Base; path = Base.lproj/LaunchScreen.storyboard; sourceTree = "<group>"; };
		3DC4915928DA01D5004945FA /* Info.plist */ = {isa = PBXFileReference; lastKnownFileType = text.plist.xml; path = Info.plist; sourceTree = "<group>"; };
		3DC4915E28DA01D5004945FA /* tableviewTests.xctest */ = {isa = PBXFileReference; explicitFileType = wrapper.cfbundle; includeInIndex = 0; path = tableviewTests.xctest; sourceTree = BUILT_PRODUCTS_DIR; };
		3DC4916228DA01D5004945FA /* tableviewTests.swift */ = {isa = PBXFileReference; lastKnownFileType = sourcecode.swift; path = tableviewTests.swift; sourceTree = "<group>"; };
		3DC4916428DA01D5004945FA /* Info.plist */ = {isa = PBXFileReference; lastKnownFileType = text.plist.xml; path = Info.plist; sourceTree = "<group>"; };
		3DC4916928DA01D5004945FA /* tableviewUITests.xctest */ = {isa = PBXFileReference; explicitFileType = wrapper.cfbundle; includeInIndex = 0; path = tableviewUITests.xctest; sourceTree = BUILT_PRODUCTS_DIR; };
		3DC4916D28DA01D5004945FA /* tableviewUITests.swift */ = {isa = PBXFileReference; lastKnownFileType = sourcecode.swift; path = tableviewUITests.swift; sourceTree = "<group>"; };
		3DC4916F28DA01D5004945FA /* Info.plist */ = {isa = PBXFileReference; lastKnownFileType = text.plist.xml; path = Info.plist; sourceTree = "<group>"; };
/* End PBXFileReference section */

/* Begin PBXFrameworksBuildPhase section */
		3DC4914728DA01D3004945FA /* Frameworks */ = {
			isa = PBXFrameworksBuildPhase;
			buildActionMask = 2147483647;
			files = (
			);
			runOnlyForDeploymentPostprocessing = 0;
		};
		3DC4915B28DA01D5004945FA /* Frameworks */ = {
			isa = PBXFrameworksBuildPhase;
			buildActionMask = 2147483647;
			files = (
			);
			runOnlyForDeploymentPostprocessing = 0;
		};
		3DC4916628DA01D5004945FA /* Frameworks */ = {
			isa = PBXFrameworksBuildPhase;
			buildActionMask = 2147483647;
			files = (
			);
			runOnlyForDeploymentPostprocessing = 0;
		};
/* End PBXFrameworksBuildPhase section */

/* Begin PBXGroup section */
		3DC4914128DA01D3004945FA = {
			isa = PBXGroup;
			children = (
				3DC4914C28DA01D3004945FA /* tableview */,
				3DC4916128DA01D5004945FA /* tableviewTests */,
				3DC4916C28DA01D5004945FA /* tableviewUITests */,
				3DC4914B28DA01D3004945FA /* Products */,
			);
			sourceTree = "<group>";
		};
		3DC4914B28DA01D3004945FA /* Products */ = {
			isa = PBXGroup;
			children = (
				3DC4914A28DA01D3004945FA /* tableview.app */,
				3DC4915E28DA01D5004945FA /* tableviewTests.xctest */,
				3DC4916928DA01D5004945FA /* tableviewUITests.xctest */,
			);
			name = Products;
			sourceTree = "<group>";
		};
		3DC4914C28DA01D3004945FA /* tableview */ = {
			isa = PBXGroup;
			children = (
				3DC4914D28DA01D3004945FA /* AppDelegate.swift */,
				3DC4914F28DA01D3004945FA /* ViewController.swift */,
				3DC4915128DA01D3004945FA /* Main.storyboard */,
				3DC4915428DA01D5004945FA /* Assets.xcassets */,
				3DC4915628DA01D5004945FA /* LaunchScreen.storyboard */,
				3DC4915928DA01D5004945FA /* Info.plist */,
			);
			path = tableview;
			sourceTree = "<group>";
		};
		3DC4916128DA01D5004945FA /* tableviewTests */ = {
			isa = PBXGroup;
			children = (
				3DC4916228DA01D5004945FA /* tableviewTests.swift */,
				3DC4916428DA01D5004945FA /* Info.plist */,
			);
			path = tableviewTests;
			sourceTree = "<group>";
		};
		3DC4916C28DA01D5004945FA /* tableviewUITests */ = {
			isa = PBXGroup;
			children = (
				3DC4916D28DA01D5004945FA /* tableviewUITests.swift */,
				3DC4916F28DA01D5004945FA /* Info.plist */,
			);
			path = tableviewUITests;
			sourceTree = "<group>";
		};
/* End PBXGroup section */

/* Begin PBXNativeTarget section */
		3DC4914928DA01D3004945FA /* tableview */ = {
			isa = PBXNativeTarget;
			buildConfigurationList = 3DC4917228DA01D5004945FA /* Build configuration list for PBXNativeTarget "tableview" */;
			buildPhases = (
				3DC4914628DA01D3004945FA /* Sources */,
				3DC4914728DA01D3004945FA /* Frameworks */,
				3DC4914828DA01D3004945FA /* Resources */,
			);
			buildRules = (
			);
			dependencies = (
			);
			name = tableview;
			productName = tableview;
			productReference = 3DC4914A28DA01D3004945FA /* tableview.app */;
			productType = "com.apple.product-type.application";
		};
		3DC4915D28DA01D5004945FA /* tableviewTests */ = {
			isa = PBXNativeTarget;
			buildConfigurationList = 3DC4917528DA01D5004945FA /* Build configuration list for PBXNativeTarget "tableviewTests" */;
			buildPhases = (
				3DC4915A28DA01D5004945FA /* Sources */,
				3DC4915B28DA01D5004945FA /* Frameworks */,
				3DC4915C28DA01D5004945FA /* Resources */,
			);
			buildRules = (
			);
			dependencies = (
				3DC4916028DA01D5004945FA /* PBXTargetDependency */,
			);
			name = tableviewTests;
			productName = tableviewTests;
			productReference = 3DC4915E28DA01D5004945FA /* tableviewTests.xctest */;
			productType = "com.apple.product-type.bundle.unit-test";
		};
		3DC4916828DA01D5004945FA /* tableviewUITests */ = {
			isa = PBXNativeTarget;
			buildConfigurationList = 3DC4917828DA01D5004945FA /* Build configuration list for PBXNativeTarget "tableviewUITests" */;
			buildPhases = (
				3DC4916528DA01D5004945FA /* Sources */,
				3DC4916628DA01D5004945FA /* Frameworks */,
				3DC4916728DA01D5004945FA /* Resources */,
			);
			buildRules = (
			);
			dependencies = (
				3DC4916B28DA01D5004945FA /* PBXTargetDependency */,
			);
			name = tableviewUITests;
			productName = tableviewUITests;
			productReference = 3DC4916928DA01D5004945FA /* tableviewUITests.xctest */;
			productType = "com.apple.product-type.bundle.ui-testing";
		};
/* End PBXNativeTarget section */

/* Begin PBXProject section */
		3DC4914228DA01D3004945FA /* Project object */ = {
			isa = PBXProject;
			attributes = {
				LastSwiftUpdateCheck = 1030;
				LastUpgradeCheck = 1030;
				ORGANIZATIONNAME = Alumno;
				TargetAttributes = {
					3DC4914928DA01D3004945FA = {
						CreatedOnToolsVersion = 10.3;
					};
					3DC4915D28DA01D5004945FA = {
						CreatedOnToolsVersion = 10.3;
						TestTargetID = 3DC4914928DA01D3004945FA;
					};
					3DC4916828DA01D5004945FA = {
						CreatedOnToolsVersion = 10.3;
						TestTargetID = 3DC4914928DA01D3004945FA;
					};
				};
			};
			buildConfigurationList = 3DC4914528DA01D3004945FA /* Build configuration list for PBXProject "tableview" */;
			compatibilityVersion = "Xcode 9.3";
			developmentRegion = en;
			hasScannedForEncodings = 0;
			knownRegions = (
				en,
				Base,
			);
			mainGroup = 3DC4914128DA01D3004945FA;
			productRefGroup = 3DC4914B28DA01D3004945FA /* Products */;
			projectDirPath = "";
			projectRoot = "";
			targets = (
				3DC4914928DA01D3004945FA /* tableview */,
				3DC4915D28DA01D5004945FA /* tableviewTests */,
				3DC4916828DA01D5004945FA /* tableviewUITests */,
			);
		};
/* End PBXProject section */

/* Begin PBXResourcesBuildPhase section */
		3DC4914828DA01D3004945FA /* Resources */ = {
			isa = PBXResourcesBuildPhase;
			buildActionMask = 2147483647;
			files = (
				3DC4915828DA01D5004945FA /* LaunchScreen.storyboard in Resources */,
				3DC4915528DA01D5004945FA /* Assets.xcassets in Resources */,
				3DC4915328DA01D3004945FA /* Main.storyboard in Resources */,
			);
			runOnlyForDeploymentPostprocessing = 0;
		};
		3DC4915C28DA01D5004945FA /* Resources */ = {
			isa = PBXResourcesBuildPhase;
			buildActionMask = 2147483647;
			files = (
			);
			runOnlyForDeploymentPostprocessing = 0;
		};
		3DC4916728DA01D5004945FA /* Resources */ = {
			isa = PBXResourcesBuildPhase;
			buildActionMask = 2147483647;
			files = (
			);
			runOnlyForDeploymentPostprocessing = 0;
		};
/* End PBXResourcesBuildPhase section */

/* Begin PBXSourcesBuildPhase section */
		3DC4914628DA01D3004945FA /* Sources */ = {
			isa = PBXSourcesBuildPhase;
			buildActionMask = 2147483647;
			files = (
				3DC4915028DA01D3004945FA /* ViewController.swift in Sources */,
				3DC4914E28DA01D3004945FA /* AppDelegate.swift in Sources */,
			);
			runOnlyForDeploymentPostprocessing = 0;
		};
		3DC4915A28DA01D5004945FA /* Sources */ = {
			isa = PBXSourcesBuildPhase;
			buildActionMask = 2147483647;
			files = (
				3DC4916328DA01D5004945FA /* tableviewTests.swift in Sources */,
			);
			runOnlyForDeploymentPostprocessing = 0;
		};
		3DC4916528DA01D5004945FA /* Sources */ = {
			isa = PBXSourcesBuildPhase;
			buildActionMask = 2147483647;
			files = (
				3DC4916E28DA01D5004945FA /* tableviewUITests.swift in Sources */,
			);
			runOnlyForDeploymentPostprocessing = 0;
		};
/* End PBXSourcesBuildPhase section */

/* Begin PBXTargetDependency section */
		3DC4916028DA01D5004945FA /* PBXTargetDependency */ = {
			isa = PBXTargetDependency;
			target = 3DC4914928DA01D3004945FA /* tableview */;
			targetProxy = 3DC4915F28DA01D5004945FA /* PBXContainerItemProxy */;
		};
		3DC4916B28DA01D5004945FA /* PBXTargetDependency */ = {
			isa = PBXTargetDependency;
			target = 3DC4914928DA01D3004945FA /* tableview */;
			targetProxy = 3DC4916A28DA01D5004945FA /* PBXContainerItemProxy */;
		};
/* End PBXTargetDependency section */

/* Begin PBXVariantGroup section */
		3DC4915128DA01D3004945FA /* Main.storyboard */ = {
			isa = PBXVariantGroup;
			children = (
				3DC4915228DA01D3004945FA /* Base */,
			);
			name = Main.storyboard;
			sourceTree = "<group>";
		};
		3DC4915628DA01D5004945FA /* LaunchScreen.storyboard */ = {
			isa = PBXVariantGroup;
			children = (
				3DC4915728DA01D5004945FA /* Base */,
			);
			name = LaunchScreen.storyboard;
			sourceTree = "<group>";
		};
/* End PBXVariantGroup section */

/* Begin XCBuildConfiguration section */
		3DC4917028DA01D5004945FA /* Debug */ = {
			isa = XCBuildConfiguration;
			buildSettings = {
				ALWAYS_SEARCH_USER_PATHS = NO;
				CLANG_ANALYZER_NONNULL = YES;
				CLANG_ANALYZER_NUMBER_OBJECT_CONVERSION = YES_AGGRESSIVE;
				CLANG_CXX_LANGUAGE_STANDARD = "gnu++14";
				CLANG_CXX_LIBRARY = "libc++";
				CLANG_ENABLE_MODULES = YES;
				CLANG_ENABLE_OBJC_ARC = YES;
				CLANG_ENABLE_OBJC_WEAK = YES;
				CLANG_WARN_BLOCK_CAPTURE_AUTORELEASING = YES;
				CLANG_WARN_BOOL_CONVERSION = YES;
				CLANG_WARN_COMMA = YES;
				CLANG_WARN_CONSTANT_CONVERSION = YES;
				CLANG_WARN_DEPRECATED_OBJC_IMPLEMENTATIONS = YES;
				CLANG_WARN_DIRECT_OBJC_ISA_USAGE = YES_ERROR;
				CLANG_WARN_DOCUMENTATION_COMMENTS = YES;
				CLANG_WARN_EMPTY_BODY = YES;
				CLANG_WARN_ENUM_CONVERSION = YES;
				CLANG_WARN_INFINITE_RECURSION = YES;
				CLANG_WARN_INT_CONVERSION = YES;
				CLANG_WARN_NON_LITERAL_NULL_CONVERSION = YES;
				CLANG_WARN_OBJC_IMPLICIT_RETAIN_SELF = YES;
				CLANG_WARN_OBJC_LITERAL_CONVERSION = YES;
				CLANG_WARN_OBJC_ROOT_CLASS = YES_ERROR;
				CLANG_WARN_RANGE_LOOP_ANALYSIS = YES;
				CLANG_WARN_STRICT_PROTOTYPES = YES;
				CLANG_WARN_SUSPICIOUS_MOVE = YES;
				CLANG_WARN_UNGUARDED_AVAILABILITY = YES_AGGRESSIVE;
				CLANG_WARN_UNREACHABLE_CODE = YES;
				CLANG_WARN__DUPLICATE_METHOD_MATCH = YES;
				CODE_SIGN_IDENTITY = "iPhone Developer";
				COPY_PHASE_STRIP = NO;
				DEBUG_INFORMATION_FORMAT = dwarf;
				ENABLE_STRICT_OBJC_MSGSEND = YES;
				ENABLE_TESTABILITY = YES;
				GCC_C_LANGUAGE_STANDARD = gnu11;
				GCC_DYNAMIC_NO_PIC = NO;
				GCC_NO_COMMON_BLOCKS = YES;
				GCC_OPTIMIZATION_LEVEL = 0;
				GCC_PREPROCESSOR_DEFINITIONS = (
					"DEBUG=1",
					"$(inherited)",
				);
				GCC_WARN_64_TO_32_BIT_CONVERSION = YES;
				GCC_WARN_ABOUT_RETURN_TYPE = YES_ERROR;
				GCC_WARN_UNDECLARED_SELECTOR = YES;
				GCC_WARN_UNINITIALIZED_AUTOS = YES_AGGRESSIVE;
				GCC_WARN_UNUSED_FUNCTION = YES;
				GCC_WARN_UNUSED_VARIABLE = YES;
				IPHONEOS_DEPLOYMENT_TARGET = 12.4;
				MTL_ENABLE_DEBUG_INFO = INCLUDE_SOURCE;
				MTL_FAST_MATH = YES;
				ONLY_ACTIVE_ARCH = YES;
				SDKROOT = iphoneos;
				SWIFT_ACTIVE_COMPILATION_CONDITIONS = DEBUG;
				SWIFT_OPTIMIZATION_LEVEL = "-Onone";
			};
			name = Debug;
		};
		3DC4917128DA01D5004945FA /* Release */ = {
			isa = XCBuildConfiguration;
			buildSettings = {
				ALWAYS_SEARCH_USER_PATHS = NO;
				CLANG_ANALYZER_NONNULL = YES;
				CLANG_ANALYZER_NUMBER_OBJECT_CONVERSION = YES_AGGRESSIVE;
				CLANG_CXX_LANGUAGE_STANDARD = "gnu++14";
				CLANG_CXX_LIBRARY = "libc++";
				CLANG_ENABLE_MODULES = YES;
				CLANG_ENABLE_OBJC_ARC = YES;
				CLANG_ENABLE_OBJC_WEAK = YES;
				CLANG_WARN_BLOCK_CAPTURE_AUTORELEASING = YES;
				CLANG_WARN_BOOL_CONVERSION = YES;
				CLANG_WARN_COMMA = YES;
				CLANG_WARN_CONSTANT_CONVERSION = YES;
				CLANG_WARN_DEPRECATED_OBJC_IMPLEMENTATIONS = YES;
				CLANG_WARN_DIRECT_OBJC_ISA_USAGE = YES_ERROR;
				CLANG_WARN_DOCUMENTATION_COMMENTS = YES;
				CLANG_WARN_EMPTY_BODY = YES;
				CLANG_WARN_ENUM_CONVERSION = YES;
				CLANG_WARN_INFINITE_RECURSION = YES;
				CLANG_WARN_INT_CONVERSION = YES;
				CLANG_WARN_NON_LITERAL_NULL_CONVERSION = YES;
				CLANG_WARN_OBJC_IMPLICIT_RETAIN_SELF = YES;
				CLANG_WARN_OBJC_LITERAL_CONVERSION = YES;
				CLANG_WARN_OBJC_ROOT_CLASS = YES_ERROR;
				CLANG_WARN_RANGE_LOOP_ANALYSIS = YES;
				CLANG_WARN_STRICT_PROTOTYPES = YES;
				CLANG_WARN_SUSPICIOUS_MOVE = YES;
				CLANG_WARN_UNGUARDED_AVAILABILITY = YES_AGGRESSIVE;
				CLANG_WARN_UNREACHABLE_CODE = YES;
				CLANG_WARN__DUPLICATE_METHOD_MATCH = YES;
				CODE_SIGN_IDENTITY = "iPhone Developer";
				COPY_PHASE_STRIP = NO;
				DEBUG_INFORMATION_FORMAT = "dwarf-with-dsym";
				ENABLE_NS_ASSERTIONS = NO;
				ENABLE_STRICT_OBJC_MSGSEND = YES;
				GCC_C_LANGUAGE_STANDARD = gnu11;
				GCC_NO_COMMON_BLOCKS = YES;
				GCC_WARN_64_TO_32_BIT_CONVERSION = YES;
				GCC_WARN_ABOUT_RETURN_TYPE = YES_ERROR;
				GCC_WARN_UNDECLARED_SELECTOR = YES;
				GCC_WARN_UNINITIALIZED_AUTOS = YES_AGGRESSIVE;
				GCC_WARN_UNUSED_FUNCTION = YES;
				GCC_WARN_UNUSED_VARIABLE = YES;
				IPHONEOS_DEPLOYMENT_TARGET = 12.4;
				MTL_ENABLE_DEBUG_INFO = NO;
				MTL_FAST_MATH = YES;
				SDKROOT = iphoneos;
				SWIFT_COMPILATION_MODE = wholemodule;
				SWIFT_OPTIMIZATION_LEVEL = "-O";
				VALIDATE_PRODUCT = YES;
			};
			name = Release;
		};
		3DC4917328DA01D5004945FA /* Debug */ = {
			isa = XCBuildConfiguration;
			buildSettings = {
				ASSETCATALOG_COMPILER_APPICON_NAME = AppIcon;
				CODE_SIGN_STYLE = Automatic;
				INFOPLIST_FILE = tableview/Info.plist;
				LD_RUNPATH_SEARCH_PATHS = (
					"$(inherited)",
					"@executable_path/Frameworks",
				);
				PRODUCT_BUNDLE_IDENTIFIER = edu.ulsa.tableview;
				PRODUCT_NAME = "$(TARGET_NAME)";
				SWIFT_VERSION = 5.0;
				TARGETED_DEVICE_FAMILY = "1,2";
			};
			name = Debug;
		};
		3DC4917428DA01D5004945FA /* Release */ = {
			isa = XCBuildConfiguration;
			buildSettings = {
				ASSETCATALOG_COMPILER_APPICON_NAME = AppIcon;
				CODE_SIGN_STYLE = Automatic;
				INFOPLIST_FILE = tableview/Info.plist;
				LD_RUNPATH_SEARCH_PATHS = (
					"$(inherited)",
					"@executable_path/Frameworks",
				);
				PRODUCT_BUNDLE_IDENTIFIER = edu.ulsa.tableview;
				PRODUCT_NAME = "$(TARGET_NAME)";
				SWIFT_VERSION = 5.0;
				TARGETED_DEVICE_FAMILY = "1,2";
			};
			name = Release;
		};
		3DC4917628DA01D5004945FA /* Debug */ = {
			isa = XCBuildConfiguration;
			buildSettings = {
				ALWAYS_EMBED_SWIFT_STANDARD_LIBRARIES = YES;
				BUNDLE_LOADER = "$(TEST_HOST)";
				CODE_SIGN_STYLE = Automatic;
				INFOPLIST_FILE = tableviewTests/Info.plist;
				LD_RUNPATH_SEARCH_PATHS = (
					"$(inherited)",
					"@executable_path/Frameworks",
					"@loader_path/Frameworks",
				);
				PRODUCT_BUNDLE_IDENTIFIER = edu.ulsa.tableviewTests;
				PRODUCT_NAME = "$(TARGET_NAME)";
				SWIFT_VERSION = 5.0;
				TARGETED_DEVICE_FAMILY = "1,2";
				TEST_HOST = "$(BUILT_PRODUCTS_DIR)/tableview.app/tableview";
			};
			name = Debug;
		};
		3DC4917728DA01D5004945FA /* Release */ = {
			isa = XCBuildConfiguration;
			buildSettings = {
				ALWAYS_EMBED_SWIFT_STANDARD_LIBRARIES = YES;
				BUNDLE_LOADER = "$(TEST_HOST)";
				CODE_SIGN_STYLE = Automatic;
				INFOPLIST_FILE = tableviewTests/Info.plist;
				LD_RUNPATH_SEARCH_PATHS = (
					"$(inherited)",
					"@executable_path/Frameworks",
					"@loader_path/Frameworks",
				);
				PRODUCT_BUNDLE_IDENTIFIER = edu.ulsa.tableviewTests;
				PRODUCT_NAME = "$(TARGET_NAME)";
				SWIFT_VERSION = 5.0;
				TARGETED_DEVICE_FAMILY = "1,2";
				TEST_HOST = "$(BUILT_PRODUCTS_DIR)/tableview.app/tableview";
			};
			name = Release;
		};
		3DC4917928DA01D5004945FA /* Debug */ = {
			isa = XCBuildConfiguration;
			buildSettings = {
				ALWAYS_EMBED_SWIFT_STANDARD_LIBRARIES = YES;
				CODE_SIGN_STYLE = Automatic;
				INFOPLIST_FILE = tableviewUITests/Info.plist;
				LD_RUNPATH_SEARCH_PATHS = (
					"$(inherited)",
					"@executable_path/Frameworks",
					"@loader_path/Frameworks",
				);
				PRODUCT_BUNDLE_IDENTIFIER = edu.ulsa.tableviewUITests;
				PRODUCT_NAME = "$(TARGET_NAME)";
				SWIFT_VERSION = 5.0;
				TARGETED_DEVICE_FAMILY = "1,2";
				TEST_TARGET_NAME = tableview;
			};
			name = Debug;
		};
		3DC4917A28DA01D5004945FA /* Release */ = {
			isa = XCBuildConfiguration;
			buildSettings = {
				ALWAYS_EMBED_SWIFT_STANDARD_LIBRARIES = YES;
				CODE_SIGN_STYLE = Automatic;
				INFOPLIST_FILE = tableviewUITests/Info.plist;
				LD_RUNPATH_SEARCH_PATHS = (
					"$(inherited)",
					"@executable_path/Frameworks",
					"@loader_path/Frameworks",
				);
				PRODUCT_BUNDLE_IDENTIFIER = edu.ulsa.tableviewUITests;
				PRODUCT_NAME = "$(TARGET_NAME)";
				SWIFT_VERSION = 5.0;
				TARGETED_DEVICE_FAMILY = "1,2";
				TEST_TARGET_NAME = tableview;
			};
			name = Release;
		};
/* End XCBuildConfiguration section */

/* Begin XCConfigurationList section */
		3DC4914528DA01D3004945FA /* Build configuration list for PBXProject "tableview" */ = {
			isa = XCConfigurationList;
			buildConfigurations = (
				3DC4917028DA01D5004945FA /* Debug */,
				3DC4917128DA01D5004945FA /* Release */,
			);
			defaultConfigurationIsVisible = 0;
			defaultConfigurationName = Release;
		};
		3DC4917228DA01D5004945FA /* Build configuration list for PBXNativeTarget "tableview" */ = {
			isa = XCConfigurationList;
			buildConfigurations = (
				3DC4917328DA01D5004945FA /* Debug */,
				3DC4917428DA01D5004945FA /* Release */,
			);
			defaultConfigurationIsVisible = 0;
			defaultConfigurationName = Release;
		};
		3DC4917528DA01D5004945FA /* Build configuration list for PBXNativeTarget "tableviewTests" */ = {
			isa = XCConfigurationList;
			buildConfigurations = (
				3DC4917628DA01D5004945FA /* Debug */,
				3DC4917728DA01D5004945FA /* Release */,
			);
			defaultConfigurationIsVisible = 0;
			defaultConfigurationName = Release;
		};
		3DC4917828DA01D5004945FA /* Build configuration list for PBXNativeTarget "tableviewUITests" */ = {
			isa = XCConfigurationList;
			buildConfigurations = (
				3DC4917928DA01D5004945FA /* Debug */,
				3DC4917A28DA01D5004945FA /* Release */,
			);
			defaultConfigurationIsVisible = 0;
			defaultConfigurationName = Release;
		};
/* End XCConfigurationList section */
	};
	rootObject = 3DC4914228DA01D3004945FA /* Project object */;
}
